# THIS IS AN AUTOGENERATED FILE. DO NOT EDIT THIS FILE DIRECTLY.
# yarn lockfile v1


passive-events-support@^1.0.33:
  version "1.0.33"
  resolved "https://registry.yarnpkg.com/passive-events-support/-/passive-events-support-1.0.33.tgz#aa8f1d56be9a81bc558a7168c82616c15adf089e"
  integrity sha512-ooFBZ6B1RpwAMaFiLT+gU156qZkfUAZcK0ivd0ylptKr9KdhINHR3CLHewVTG1+HfqUdH0SPSq0mbaVReGZoaw==
